
Microsoft Visual Studio Solution File, Format Version 12.00
# Visual Studio Version 17
VisualStudioVersion = 17.6.33723.286
MinimumVisualStudioVersion = 10.0.40219.1
Project("{FAE04EC0-301F-11D3-BF4B-00C04F79EFBC}") = "Cypher", "Cypher\Cypher.csproj", "{8DC9E9B3-B6F4-40F4-B93B-191F2FF6553C}"
EndProject
Global
	GlobalSection(SolutionConfigurationPlatforms) = preSolution
		Debug|Any CPU = Debug|Any CPU
		Release|Any CPU = Release|Any CPU
	EndGlobalSection
	GlobalSection(ProjectConfigurationPlatforms) = postSolution
		{8DC9E9B3-B6F4-40F4-B93B-191F2FF6553C}.Debug|Any CPU.ActiveCfg = Debug|Any CPU
		{8DC9E9B3-B6F4-40F4-B93B-191F2FF6553C}.Debug|Any CPU.Build.0 = Debug|Any CPU
		{8DC9E9B3-B6F4-40F4-B93B-191F2FF6553C}.Release|Any CPU.ActiveCfg = Release|Any CPU
		{8DC9E9B3-B6F4-40F4-B93B-191F2FF6553C}.Release|Any CPU.Build.0 = Release|Any CPU
	EndGlobalSection
	GlobalSection(SolutionProperties) = preSolution
		HideSolutionNode = FALSE
	EndGlobalSection
	GlobalSection(ExtensibilityGlobals) = postSolution
		SolutionGuid = {A9926A6A-04A0-431F-A552-DC52D636D7B0}
	EndGlobalSection
EndGlobal
